{
  "name": "argmap",
  "lockfileVersion": 3,
  "requires": true,
  "packages": {
    "": {
      "dependencies": {
        "@netlify/blobs": "^6.3.1",
        "netlify-plugin-cache": "^1.0.3"
      }
    },
    "node_modules/@netlify/blobs": {
      "version": "6.3.1",
      "resolved": "https://registry.npmjs.org/@netlify/blobs/-/blobs-6.3.1.tgz",
      "integrity": "sha512-JjLz3WW7Wp6NVwQtDxPpWio4L3u9pnnDXnQ7Q16zgAFE9IA1rSjZVSsyOQrtkiBQIxaJ1Zr5eky8vrXJ5mdRWg==",
      "engines": {
        "node": "^14.16.0 || >=16.0.0"
      }
    },
    "node_modules/netlify-plugin-cache": {
      "version": "1.0.3",
      "resolved": "https://registry.npmjs.org/netlify-plugin-cache/-/netlify-plugin-cache-1.0.3.tgz",
      "integrity": "sha512-CTOwNWrTOP59T6y6unxQNnp1WX702v2R/faR5peSH94ebrYfyY4zT5IsRcIiHKq57jXeyCrhy0GLuTN8ktzuQg=="
    }
  }
}
