{
  "name": "argmap",
  "lockfileVersion": 2,
  "requires": true,
  "packages": {
    "": {
      "dependencies": {
        "@netlify/blobs": "^6.3.1",
        "crypto": "^1.0.1"
      },
      "devDependencies": {
        "netlify-plugin-cache": "^1.0.3"
      }
    },
    "node_modules/@netlify/blobs": {
      "version": "6.3.1",
      "resolved": "https://registry.npmjs.org/@netlify/blobs/-/blobs-6.3.1.tgz",
      "integrity": "sha512-JjLz3WW7Wp6NVwQtDxPpWio4L3u9pnnDXnQ7Q16zgAFE9IA1rSjZVSsyOQrtkiBQIxaJ1Zr5eky8vrXJ5mdRWg==",
      "engines": {
        "node": "^14.16.0 || >=16.0.0"
      }
    },
    "node_modules/crypto": {
      "version": "1.0.1",
      "resolved": "https://registry.npmjs.org/crypto/-/crypto-1.0.1.tgz",
      "integrity": "sha512-VxBKmeNcqQdiUQUW2Tzq0t377b54N2bMtXO/qiLa+6eRRmmC4qT3D4OnTGoT/U6O9aklQ/jTwbOtRMTTY8G0Ig==",
      "deprecated": "This package is no longer supported. It's now a built-in Node module. If you've depended on crypto, you should switch to the one that's built-in."
    },
    "node_modules/netlify-plugin-cache": {
      "version": "1.0.3",
      "resolved": "https://registry.npmjs.org/netlify-plugin-cache/-/netlify-plugin-cache-1.0.3.tgz",
      "integrity": "sha512-CTOwNWrTOP59T6y6unxQNnp1WX702v2R/faR5peSH94ebrYfyY4zT5IsRcIiHKq57jXeyCrhy0GLuTN8ktzuQg==",
      "dev": true
    }
  },
  "dependencies": {
    "@netlify/blobs": {
      "version": "6.3.1",
      "resolved": "https://registry.npmjs.org/@netlify/blobs/-/blobs-6.3.1.tgz",
      "integrity": "sha512-JjLz3WW7Wp6NVwQtDxPpWio4L3u9pnnDXnQ7Q16zgAFE9IA1rSjZVSsyOQrtkiBQIxaJ1Zr5eky8vrXJ5mdRWg=="
    },
    "crypto": {
      "version": "1.0.1",
      "resolved": "https://registry.npmjs.org/crypto/-/crypto-1.0.1.tgz",
      "integrity": "sha512-VxBKmeNcqQdiUQUW2Tzq0t377b54N2bMtXO/qiLa+6eRRmmC4qT3D4OnTGoT/U6O9aklQ/jTwbOtRMTTY8G0Ig=="
    },
    "netlify-plugin-cache": {
      "version": "1.0.3",
      "resolved": "https://registry.npmjs.org/netlify-plugin-cache/-/netlify-plugin-cache-1.0.3.tgz",
      "integrity": "sha512-CTOwNWrTOP59T6y6unxQNnp1WX702v2R/faR5peSH94ebrYfyY4zT5IsRcIiHKq57jXeyCrhy0GLuTN8ktzuQg==",
      "dev": true
    }
  }
}
